
Microsoft Visual Studio Solution File, Format Version 12.00
# Visual Studio Version 17
VisualStudioVersion = 17.3.32825.248
MinimumVisualStudioVersion = 10.0.40219.1
Project("{FAE04EC0-301F-11D3-BF4B-00C04F79EFBC}") = "Sample.Android", "Sample\Sample.Android\Sample.Android.csproj", "{E1EC273E-A2E0-4116-8607-530110946C64}"
EndProject
Project("{FAE04EC0-301F-11D3-BF4B-00C04F79EFBC}") = "Sample.iOS", "Sample\Sample.iOS\Sample.iOS.csproj", "{C7EDCDC2-9B0C-4F39-AEB3-7D27127A5BAA}"
EndProject
Project("{9A19103F-16F7-4668-BE54-9A1E7A4F7556}") = "Sample", "Sample\Sample\Sample.csproj", "{0780C46C-928F-4EE1-8A30-968217A0A281}"
EndProject
Global
	GlobalSection(SolutionConfigurationPlatforms) = preSolution
		Debug|Any CPU = Debug|Any CPU
		Debug|ARM = Debug|ARM
		Debug|iPhone = Debug|iPhone
		Debug|iPhoneSimulator = Debug|iPhoneSimulator
		Debug|x64 = Debug|x64
		Debug|x86 = Debug|x86
		Release|Any CPU = Release|Any CPU
		Release|ARM = Release|ARM
		Release|iPhone = Release|iPhone
		Release|iPhoneSimulator = Release|iPhoneSimulator
		Release|x64 = Release|x64
		Release|x86 = Release|x86
	EndGlobalSection
	GlobalSection(ProjectConfigurationPlatforms) = postSolution
		{E1EC273E-A2E0-4116-8607-530110946C64}.Debug|Any CPU.ActiveCfg = Debug|Any CPU
		{E1EC273E-A2E0-4116-8607-530110946C64}.Debug|Any CPU.Build.0 = Debug|Any CPU
		{E1EC273E-A2E0-4116-8607-530110946C64}.Debug|Any CPU.Deploy.0 = Debug|Any CPU
		{E1EC273E-A2E0-4116-8607-530110946C64}.Debug|ARM.ActiveCfg = Debug|Any CPU
		{E1EC273E-A2E0-4116-8607-530110946C64}.Debug|ARM.Build.0 = Debug|Any CPU
		{E1EC273E-A2E0-4116-8607-530110946C64}.Debug|ARM.Deploy.0 = Debug|Any CPU
		{E1EC273E-A2E0-4116-8607-530110946C64}.Debug|iPhone.ActiveCfg = Debug|Any CPU
		{E1EC273E-A2E0-4116-8607-530110946C64}.Debug|iPhone.Build.0 = Debug|Any CPU
		{E1EC273E-A2E0-4116-8607-530110946C64}.Debug|iPhone.Deploy.0 = Debug|Any CPU
		{E1EC273E-A2E0-4116-8607-530110946C64}.Debug|iPhoneSimulator.ActiveCfg = Debug|Any CPU
		{E1EC273E-A2E0-4116-8607-530110946C64}.Debug|iPhoneSimulator.Build.0 = Debug|Any CPU
		{E1EC273E-A2E0-4116-8607-530110946C64}.Debug|iPhoneSimulator.Deploy.0 = Debug|Any CPU
		{E1EC273E-A2E0-4116-8607-530110946C64}.Debug|x64.ActiveCfg = Debug|Any CPU
		{E1EC273E-A2E0-4116-8607-530110946C64}.Debug|x64.Build.0 = Debug|Any CPU
		{E1EC273E-A2E0-4116-8607-530110946C64}.Debug|x64.Deploy.0 = Debug|Any CPU
		{E1EC273E-A2E0-4116-8607-530110946C64}.Debug|x86.ActiveCfg = Debug|Any CPU
		{E1EC273E-A2E0-4116-8607-530110946C64}.Debug|x86.Build.0 = Debug|Any CPU
		{E1EC273E-A2E0-4116-8607-530110946C64}.Debug|x86.Deploy.0 = Debug|Any CPU
		{E1EC273E-A2E0-4116-8607-530110946C64}.Release|Any CPU.ActiveCfg = Release|Any CPU
		{E1EC273E-A2E0-4116-8607-530110946C64}.Release|Any CPU.Build.0 = Release|Any CPU
		{E1EC273E-A2E0-4116-8607-530110946C64}.Release|Any CPU.Deploy.0 = Release|Any CPU
		{E1EC273E-A2E0-4116-8607-530110946C64}.Release|ARM.ActiveCfg = Release|Any CPU
		{E1EC273E-A2E0-4116-8607-530110946C64}.Release|ARM.Build.0 = Release|Any CPU
		{E1EC273E-A2E0-4116-8607-530110946C64}.Release|ARM.Deploy.0 = Release|Any CPU
		{E1EC273E-A2E0-4116-8607-530110946C64}.Release|iPhone.ActiveCfg = Release|Any CPU
		{E1EC273E-A2E0-4116-8607-530110946C64}.Release|iPhone.Build.0 = Release|Any CPU
		{E1EC273E-A2E0-4116-8607-530110946C64}.Release|iPhone.Deploy.0 = Release|Any CPU
		{E1EC273E-A2E0-4116-8607-530110946C64}.Release|iPhoneSimulator.ActiveCfg = Release|Any CPU
		{E1EC273E-A2E0-4116-8607-530110946C64}.Release|iPhoneSimulator.Build.0 = Release|Any CPU
		{E1EC273E-A2E0-4116-8607-530110946C64}.Release|iPhoneSimulator.Deploy.0 = Release|Any CPU
		{E1EC273E-A2E0-4116-8607-530110946C64}.Release|x64.ActiveCfg = Release|Any CPU
		{E1EC273E-A2E0-4116-8607-530110946C64}.Release|x64.Build.0 = Release|Any CPU
		{E1EC273E-A2E0-4116-8607-530110946C64}.Release|x64.Deploy.0 = Release|Any CPU
		{E1EC273E-A2E0-4116-8607-530110946C64}.Release|x86.ActiveCfg = Release|Any CPU
		{E1EC273E-A2E0-4116-8607-530110946C64}.Release|x86.Build.0 = Release|Any CPU
		{E1EC273E-A2E0-4116-8607-530110946C64}.Release|x86.Deploy.0 = Release|Any CPU
		{C7EDCDC2-9B0C-4F39-AEB3-7D27127A5BAA}.Debug|Any CPU.ActiveCfg = Debug|iPhoneSimulator
		{C7EDCDC2-9B0C-4F39-AEB3-7D27127A5BAA}.Debug|Any CPU.Build.0 = Debug|iPhoneSimulator
		{C7EDCDC2-9B0C-4F39-AEB3-7D27127A5BAA}.Debug|Any CPU.Deploy.0 = Debug|iPhoneSimulator
		{C7EDCDC2-9B0C-4F39-AEB3-7D27127A5BAA}.Debug|ARM.ActiveCfg = Debug|iPhone
		{C7EDCDC2-9B0C-4F39-AEB3-7D27127A5BAA}.Debug|ARM.Build.0 = Debug|iPhone
		{C7EDCDC2-9B0C-4F39-AEB3-7D27127A5BAA}.Debug|ARM.Deploy.0 = Debug|iPhone
		{C7EDCDC2-9B0C-4F39-AEB3-7D27127A5BAA}.Debug|iPhone.ActiveCfg = Debug|iPhone
		{C7EDCDC2-9B0C-4F39-AEB3-7D27127A5BAA}.Debug|iPhone.Build.0 = Debug|iPhone
		{C7EDCDC2-9B0C-4F39-AEB3-7D27127A5BAA}.Debug|iPhone.Deploy.0 = Debug|iPhone
		{C7EDCDC2-9B0C-4F39-AEB3-7D27127A5BAA}.Debug|iPhoneSimulator.ActiveCfg = Debug|iPhoneSimulator
		{C7EDCDC2-9B0C-4F39-AEB3-7D27127A5BAA}.Debug|iPhoneSimulator.Build.0 = Debug|iPhoneSimulator
		{C7EDCDC2-9B0C-4F39-AEB3-7D27127A5BAA}.Debug|iPhoneSimulator.Deploy.0 = Debug|iPhoneSimulator
		{C7EDCDC2-9B0C-4F39-AEB3-7D27127A5BAA}.Debug|x64.ActiveCfg = Debug|iPhoneSimulator
		{C7EDCDC2-9B0C-4F39-AEB3-7D27127A5BAA}.Debug|x64.Build.0 = Debug|iPhoneSimulator
		{C7EDCDC2-9B0C-4F39-AEB3-7D27127A5BAA}.Debug|x64.Deploy.0 = Debug|iPhoneSimulator
		{C7EDCDC2-9B0C-4F39-AEB3-7D27127A5BAA}.Debug|x86.ActiveCfg = Debug|iPhoneSimulator
		{C7EDCDC2-9B0C-4F39-AEB3-7D27127A5BAA}.Debug|x86.Build.0 = Debug|iPhoneSimulator
		{C7EDCDC2-9B0C-4F39-AEB3-7D27127A5BAA}.Debug|x86.Deploy.0 = Debug|iPhoneSimulator
		{C7EDCDC2-9B0C-4F39-AEB3-7D27127A5BAA}.Release|Any CPU.ActiveCfg = Release|iPhoneSimulator
		{C7EDCDC2-9B0C-4F39-AEB3-7D27127A5BAA}.Release|Any CPU.Build.0 = Release|iPhoneSimulator
		{C7EDCDC2-9B0C-4F39-AEB3-7D27127A5BAA}.Release|Any CPU.Deploy.0 = Release|iPhoneSimulator
		{C7EDCDC2-9B0C-4F39-AEB3-7D27127A5BAA}.Release|ARM.ActiveCfg = Release|iPhoneSimulator
		{C7EDCDC2-9B0C-4F39-AEB3-7D27127A5BAA}.Release|ARM.Build.0 = Release|iPhoneSimulator
		{C7EDCDC2-9B0C-4F39-AEB3-7D27127A5BAA}.Release|ARM.Deploy.0 = Release|iPhoneSimulator
		{C7EDCDC2-9B0C-4F39-AEB3-7D27127A5BAA}.Release|iPhone.ActiveCfg = Release|iPhone
		{C7EDCDC2-9B0C-4F39-AEB3-7D27127A5BAA}.Release|iPhone.Build.0 = Release|iPhone
		{C7EDCDC2-9B0C-4F39-AEB3-7D27127A5BAA}.Release|iPhone.Deploy.0 = Release|iPhone
		{C7EDCDC2-9B0C-4F39-AEB3-7D27127A5BAA}.Release|iPhoneSimulator.ActiveCfg = Release|iPhoneSimulator
		{C7EDCDC2-9B0C-4F39-AEB3-7D27127A5BAA}.Release|iPhoneSimulator.Build.0 = Release|iPhoneSimulator
		{C7EDCDC2-9B0C-4F39-AEB3-7D27127A5BAA}.Release|iPhoneSimulator.Deploy.0 = Release|iPhoneSimulator
		{C7EDCDC2-9B0C-4F39-AEB3-7D27127A5BAA}.Release|x64.ActiveCfg = Release|iPhoneSimulator
		{C7EDCDC2-9B0C-4F39-AEB3-7D27127A5BAA}.Release|x64.Build.0 = Release|iPhoneSimulator
		{C7EDCDC2-9B0C-4F39-AEB3-7D27127A5BAA}.Release|x64.Deploy.0 = Release|iPhoneSimulator
		{C7EDCDC2-9B0C-4F39-AEB3-7D27127A5BAA}.Release|x86.ActiveCfg = Release|iPhoneSimulator
		{C7EDCDC2-9B0C-4F39-AEB3-7D27127A5BAA}.Release|x86.Build.0 = Release|iPhoneSimulator
		{C7EDCDC2-9B0C-4F39-AEB3-7D27127A5BAA}.Release|x86.Deploy.0 = Release|iPhoneSimulator
		{0780C46C-928F-4EE1-8A30-968217A0A281}.Debug|Any CPU.ActiveCfg = Debug|Any CPU
		{0780C46C-928F-4EE1-8A30-968217A0A281}.Debug|Any CPU.Build.0 = Debug|Any CPU
		{0780C46C-928F-4EE1-8A30-968217A0A281}.Debug|Any CPU.Deploy.0 = Debug|Any CPU
		{0780C46C-928F-4EE1-8A30-968217A0A281}.Debug|ARM.ActiveCfg = Debug|Any CPU
		{0780C46C-928F-4EE1-8A30-968217A0A281}.Debug|ARM.Build.0 = Debug|Any CPU
		{0780C46C-928F-4EE1-8A30-968217A0A281}.Debug|ARM.Deploy.0 = Debug|Any CPU
		{0780C46C-928F-4EE1-8A30-968217A0A281}.Debug|iPhone.ActiveCfg = Debug|Any CPU
		{0780C46C-928F-4EE1-8A30-968217A0A281}.Debug|iPhone.Build.0 = Debug|Any CPU
		{0780C46C-928F-4EE1-8A30-968217A0A281}.Debug|iPhone.Deploy.0 = Debug|Any CPU
		{0780C46C-928F-4EE1-8A30-968217A0A281}.Debug|iPhoneSimulator.ActiveCfg = Debug|Any CPU
		{0780C46C-928F-4EE1-8A30-968217A0A281}.Debug|iPhoneSimulator.Build.0 = Debug|Any CPU
		{0780C46C-928F-4EE1-8A30-968217A0A281}.Debug|iPhoneSimulator.Deploy.0 = Debug|Any CPU
		{0780C46C-928F-4EE1-8A30-968217A0A281}.Debug|x64.ActiveCfg = Debug|Any CPU
		{0780C46C-928F-4EE1-8A30-968217A0A281}.Debug|x64.Build.0 = Debug|Any CPU
		{0780C46C-928F-4EE1-8A30-968217A0A281}.Debug|x64.Deploy.0 = Debug|Any CPU
		{0780C46C-928F-4EE1-8A30-968217A0A281}.Debug|x86.ActiveCfg = Debug|Any CPU
		{0780C46C-928F-4EE1-8A30-968217A0A281}.Debug|x86.Build.0 = Debug|Any CPU
		{0780C46C-928F-4EE1-8A30-968217A0A281}.Debug|x86.Deploy.0 = Debug|Any CPU
		{0780C46C-928F-4EE1-8A30-968217A0A281}.Release|Any CPU.ActiveCfg = Release|Any CPU
		{0780C46C-928F-4EE1-8A30-968217A0A281}.Release|Any CPU.Build.0 = Release|Any CPU
		{0780C46C-928F-4EE1-8A30-968217A0A281}.Release|Any CPU.Deploy.0 = Release|Any CPU
		{0780C46C-928F-4EE1-8A30-968217A0A281}.Release|ARM.ActiveCfg = Release|Any CPU
		{0780C46C-928F-4EE1-8A30-968217A0A281}.Release|ARM.Build.0 = Release|Any CPU
		{0780C46C-928F-4EE1-8A30-968217A0A281}.Release|ARM.Deploy.0 = Release|Any CPU
		{0780C46C-928F-4EE1-8A30-968217A0A281}.Release|iPhone.ActiveCfg = Release|Any CPU
		{0780C46C-928F-4EE1-8A30-968217A0A281}.Release|iPhone.Build.0 = Release|Any CPU
		{0780C46C-928F-4EE1-8A30-968217A0A281}.Release|iPhone.Deploy.0 = Release|Any CPU
		{0780C46C-928F-4EE1-8A30-968217A0A281}.Release|iPhoneSimulator.ActiveCfg = Release|Any CPU
		{0780C46C-928F-4EE1-8A30-968217A0A281}.Release|iPhoneSimulator.Build.0 = Release|Any CPU
		{0780C46C-928F-4EE1-8A30-968217A0A281}.Release|iPhoneSimulator.Deploy.0 = Release|Any CPU
		{0780C46C-928F-4EE1-8A30-968217A0A281}.Release|x64.ActiveCfg = Release|Any CPU
		{0780C46C-928F-4EE1-8A30-968217A0A281}.Release|x64.Build.0 = Release|Any CPU
		{0780C46C-928F-4EE1-8A30-968217A0A281}.Release|x64.Deploy.0 = Release|Any CPU
		{0780C46C-928F-4EE1-8A30-968217A0A281}.Release|x86.ActiveCfg = Release|Any CPU
		{0780C46C-928F-4EE1-8A30-968217A0A281}.Release|x86.Build.0 = Release|Any CPU
		{0780C46C-928F-4EE1-8A30-968217A0A281}.Release|x86.Deploy.0 = Release|Any CPU
	EndGlobalSection
	GlobalSection(SolutionProperties) = preSolution
		HideSolutionNode = FALSE
	EndGlobalSection
	GlobalSection(ExtensibilityGlobals) = postSolution
		SolutionGuid = {DE58B479-D05F-4165-8531-71E05F51A072}
	EndGlobalSection
EndGlobal
